
Microsoft Visual Studio Solution File, Format Version 12.00
# Visual Studio Version 16
VisualStudioVersion = 16.0.30804.86
MinimumVisualStudioVersion = 10.0.40219.1
Project("{9A19103F-16F7-4668-BE54-9A1E7A4F7556}") = "AspCoreVuejs.Api", "AspCoreVuejs.Api\AspCoreVuejs.Api.csproj", "{A7D08DAC-8D9D-49FE-BD14-0BB11A4E486E}"
EndProject
Project("{9092AA53-FB77-4645-B42D-1CCCA6BD08BD}") = "AspCoreVuejs.Webapp", "AspCoreVuejs.Webapp\AspCoreVuejs.Webapp.njsproj", "{9583F3D7-174A-4FEC-8E4A-F6AB1AACCC8B}"
EndProject
Global
	GlobalSection(SolutionConfigurationPlatforms) = preSolution
		Debug|Any CPU = Debug|Any CPU
		Release|Any CPU = Release|Any CPU
	EndGlobalSection
	GlobalSection(ProjectConfigurationPlatforms) = postSolution
		{A7D08DAC-8D9D-49FE-BD14-0BB11A4E486E}.Debug|Any CPU.ActiveCfg = Debug|Any CPU
		{A7D08DAC-8D9D-49FE-BD14-0BB11A4E486E}.Debug|Any CPU.Build.0 = Debug|Any CPU
		{A7D08DAC-8D9D-49FE-BD14-0BB11A4E486E}.Release|Any CPU.ActiveCfg = Release|Any CPU
		{A7D08DAC-8D9D-49FE-BD14-0BB11A4E486E}.Release|Any CPU.Build.0 = Release|Any CPU
		{9583F3D7-174A-4FEC-8E4A-F6AB1AACCC8B}.Debug|Any CPU.ActiveCfg = Debug|Any CPU
		{9583F3D7-174A-4FEC-8E4A-F6AB1AACCC8B}.Debug|Any CPU.Build.0 = Debug|Any CPU
		{9583F3D7-174A-4FEC-8E4A-F6AB1AACCC8B}.Release|Any CPU.ActiveCfg = Release|Any CPU
		{9583F3D7-174A-4FEC-8E4A-F6AB1AACCC8B}.Release|Any CPU.Build.0 = Release|Any CPU
	EndGlobalSection
	GlobalSection(SolutionProperties) = preSolution
		HideSolutionNode = FALSE
	EndGlobalSection
	GlobalSection(ExtensibilityGlobals) = postSolution
		SolutionGuid = {47A99E18-A03F-4B24-87B0-6736E248570B}
	EndGlobalSection
EndGlobal
